// !$*UTF8*$!
{
	archiveVersion = 1;
	classes = {
	};
	objectVersion = 50;
	objects = {

/* Begin PBXBuildFile section */
		961D0152B5AE046F6609F843 /* Pods_Daily_Quote.framework in Frameworks */ = {isa = PBXBuildFile; fileRef = 728D7CC308614EFFECF20822 /* Pods_Daily_Quote.framework */; };
		A74EB38820923E13003D00FB /* AppDelegate.swift in Sources */ = {isa = PBXBuildFile; fileRef = A74EB38720923E13003D00FB /* AppDelegate.swift */; };
		A74EB38A20923E13003D00FB /* ViewController.swift in Sources */ = {isa = PBXBuildFile; fileRef = A74EB38920923E13003D00FB /* ViewController.swift */; };
		A74EB38D20923E13003D00FB /* Main.storyboard in Resources */ = {isa = PBXBuildFile; fileRef = A74EB38B20923E13003D00FB /* Main.storyboard */; };
		A74EB39220923E18003D00FB /* LaunchScreen.storyboard in Resources */ = {isa = PBXBuildFile; fileRef = A74EB39020923E18003D00FB /* LaunchScreen.storyboard */; };
		A74EB39B209282D8003D00FB /* Model.xcdatamodeld in Sources */ = {isa = PBXBuildFile; fileRef = A74EB399209282D8003D00FB /* Model.xcdatamodeld */; };
		A7D8D1662092A0AC00EEBEBC /* Images.xcassets in Resources */ = {isa = PBXBuildFile; fileRef = A7D8D1652092A0AC00EEBEBC /* Images.xcassets */; };
/* End PBXBuildFile section */

/* Begin PBXFileReference section */
		1677C782395477462D63FFFA /* Pods-Daily Quote.release.xcconfig */ = {isa = PBXFileReference; includeInIndex = 1; lastKnownFileType = text.xcconfig; name = "Pods-Daily Quote.release.xcconfig"; path = "Pods/Target Support Files/Pods-Daily Quote/Pods-Daily Quote.release.xcconfig"; sourceTree = "<group>"; };
		728D7CC308614EFFECF20822 /* Pods_Daily_Quote.framework */ = {isa = PBXFileReference; explicitFileType = wrapper.framework; includeInIndex = 0; path = Pods_Daily_Quote.framework; sourceTree = BUILT_PRODUCTS_DIR; };
		A74EB38420923E13003D00FB /* Daily Quote.app */ = {isa = PBXFileReference; explicitFileType = wrapper.application; includeInIndex = 0; path = "Daily Quote.app"; sourceTree = BUILT_PRODUCTS_DIR; };
		A74EB38720923E13003D00FB /* AppDelegate.swift */ = {isa = PBXFileReference; lastKnownFileType = sourcecode.swift; path = AppDelegate.swift; sourceTree = "<group>"; };
		A74EB38920923E13003D00FB /* ViewController.swift */ = {isa = PBXFileReference; lastKnownFileType = sourcecode.swift; path = ViewController.swift; sourceTree = "<group>"; };
		A74EB38C20923E13003D00FB /* Base */ = {isa = PBXFileReference; lastKnownFileType = file.storyboard; name = Base; path = Base.lproj/Main.storyboard; sourceTree = "<group>"; };
		A74EB39120923E18003D00FB /* Base */ = {isa = PBXFileReference; lastKnownFileType = file.storyboard; name = Base; path = Base.lproj/LaunchScreen.storyboard; sourceTree = "<group>"; };
		A74EB39320923E18003D00FB /* Info.plist */ = {isa = PBXFileReference; lastKnownFileType = text.plist.xml; path = Info.plist; sourceTree = "<group>"; };
		A74EB39A209282D8003D00FB /* Model.xcdatamodel */ = {isa = PBXFileReference; lastKnownFileType = wrapper.xcdatamodel; path = Model.xcdatamodel; sourceTree = "<group>"; };
		A7D8D1652092A0AC00EEBEBC /* Images.xcassets */ = {isa = PBXFileReference; lastKnownFileType = folder.assetcatalog; path = Images.xcassets; sourceTree = "<group>"; };
		B76D56D163E171210509AF40 /* Pods-Daily Quote.debug.xcconfig */ = {isa = PBXFileReference; includeInIndex = 1; lastKnownFileType = text.xcconfig; name = "Pods-Daily Quote.debug.xcconfig"; path = "Pods/Target Support Files/Pods-Daily Quote/Pods-Daily Quote.debug.xcconfig"; sourceTree = "<group>"; };
/* End PBXFileReference section */

/* Begin PBXFrameworksBuildPhase section */
		A74EB38120923E13003D00FB /* Frameworks */ = {
			isa = PBXFrameworksBuildPhase;
			buildActionMask = 2147483647;
			files = (
				961D0152B5AE046F6609F843 /* Pods_Daily_Quote.framework in Frameworks */,
			);
			runOnlyForDeploymentPostprocessing = 0;
		};
/* End PBXFrameworksBuildPhase section */

/* Begin PBXGroup section */
		0C0C482A75E8CF1FBB2FD156 /* Frameworks */ = {
			isa = PBXGroup;
			children = (
				728D7CC308614EFFECF20822 /* Pods_Daily_Quote.framework */,
			);
			name = Frameworks;
			sourceTree = "<group>";
		};
		A74EB37B20923E12003D00FB = {
			isa = PBXGroup;
			children = (
				A74EB399209282D8003D00FB /* Model.xcdatamodeld */,
				A74EB38620923E13003D00FB /* Daily Quote */,
				A74EB38520923E13003D00FB /* Products */,
				DED1E44F62EAD10B0BFC4D2F /* Pods */,
				0C0C482A75E8CF1FBB2FD156 /* Frameworks */,
			);
			sourceTree = "<group>";
		};
		A74EB38520923E13003D00FB /* Products */ = {
			isa = PBXGroup;
			children = (
				A74EB38420923E13003D00FB /* Daily Quote.app */,
			);
			name = Products;
			sourceTree = "<group>";
		};
		A74EB38620923E13003D00FB /* Daily Quote */ = {
			isa = PBXGroup;
			children = (
				A74EB38720923E13003D00FB /* AppDelegate.swift */,
				A74EB38920923E13003D00FB /* ViewController.swift */,
				A74EB38B20923E13003D00FB /* Main.storyboard */,
				A74EB39020923E18003D00FB /* LaunchScreen.storyboard */,
				A74EB39320923E18003D00FB /* Info.plist */,
				A7D8D1652092A0AC00EEBEBC /* Images.xcassets */,
			);
			path = "Daily Quote";
			sourceTree = "<group>";
		};
		DED1E44F62EAD10B0BFC4D2F /* Pods */ = {
			isa = PBXGroup;
			children = (
				B76D56D163E171210509AF40 /* Pods-Daily Quote.debug.xcconfig */,
				1677C782395477462D63FFFA /* Pods-Daily Quote.release.xcconfig */,
			);
			name = Pods;
			sourceTree = "<group>";
		};
/* End PBXGroup section */

/* Begin PBXNativeTarget section */
		A74EB38320923E13003D00FB /* Daily Quote */ = {
			isa = PBXNativeTarget;
			buildConfigurationList = A74EB39620923E18003D00FB /* Build configuration list for PBXNativeTarget "Daily Quote" */;
			buildPhases = (
				CA1FD81730F576C10969621D /* [CP] Check Pods Manifest.lock */,
				A74EB38020923E13003D00FB /* Sources */,
				A74EB38120923E13003D00FB /* Frameworks */,
				A74EB38220923E13003D00FB /* Resources */,
				B948E8CAE6B864DA66860467 /* [CP] Embed Pods Frameworks */,
				B6255B00C23323EDC7B54CAA /* [CP] Copy Pods Resources */,
			);
			buildRules = (
			);
			dependencies = (
			);
			name = "Daily Quote";
			productName = "Daily Quote";
			productReference = A74EB38420923E13003D00FB /* Daily Quote.app */;
			productType = "com.apple.product-type.application";
		};
/* End PBXNativeTarget section */

/* Begin PBXProject section */
		A74EB37C20923E13003D00FB /* Project object */ = {
			isa = PBXProject;
			attributes = {
				LastSwiftUpdateCheck = 0930;
				LastUpgradeCheck = 0930;
				ORGANIZATIONNAME = "Moustafa Awad";
				TargetAttributes = {
					A74EB38320923E13003D00FB = {
						CreatedOnToolsVersion = 9.3;
						SystemCapabilities = {
							com.apple.BackgroundModes = {
								enabled = 1;
							};
						};
					};
				};
			};
			buildConfigurationList = A74EB37F20923E13003D00FB /* Build configuration list for PBXProject "Daily Quote" */;
			compatibilityVersion = "Xcode 9.3";
			developmentRegion = en;
			hasScannedForEncodings = 0;
			knownRegions = (
				en,
				Base,
			);
			mainGroup = A74EB37B20923E12003D00FB;
			productRefGroup = A74EB38520923E13003D00FB /* Products */;
			projectDirPath = "";
			projectRoot = "";
			targets = (
				A74EB38320923E13003D00FB /* Daily Quote */,
			);
		};
/* End PBXProject section */

/* Begin PBXResourcesBuildPhase section */
		A74EB38220923E13003D00FB /* Resources */ = {
			isa = PBXResourcesBuildPhase;
			buildActionMask = 2147483647;
			files = (
				A74EB39220923E18003D00FB /* LaunchScreen.storyboard in Resources */,
				A7D8D1662092A0AC00EEBEBC /* Images.xcassets in Resources */,
				A74EB38D20923E13003D00FB /* Main.storyboard in Resources */,
			);
			runOnlyForDeploymentPostprocessing = 0;
		};
/* End PBXResourcesBuildPhase section */

/* Begin PBXShellScriptBuildPhase section */
		B6255B00C23323EDC7B54CAA /* [CP] Copy Pods Resources */ = {
			isa = PBXShellScriptBuildPhase;
			buildActionMask = 2147483647;
			files = (
			);
			inputPaths = (
			);
			name = "[CP] Copy Pods Resources";
			outputPaths = (
			);
			runOnlyForDeploymentPostprocessing = 0;
			shellPath = /bin/sh;
			shellScript = "\"${SRCROOT}/Pods/Target Support Files/Pods-Daily Quote/Pods-Daily Quote-resources.sh\"\n";
			showEnvVarsInLog = 0;
		};
		B948E8CAE6B864DA66860467 /* [CP] Embed Pods Frameworks */ = {
			isa = PBXShellScriptBuildPhase;
			buildActionMask = 2147483647;
			files = (
			);
			inputPaths = (
				"${SRCROOT}/Pods/Target Support Files/Pods-Daily Quote/Pods-Daily Quote-frameworks.sh",
				"${BUILT_PRODUCTS_DIR}/FeedKit/FeedKit.framework",
			);
			name = "[CP] Embed Pods Frameworks";
			outputPaths = (
				"${TARGET_BUILD_DIR}/${FRAMEWORKS_FOLDER_PATH}/FeedKit.framework",
			);
			runOnlyForDeploymentPostprocessing = 0;
			shellPath = /bin/sh;
			shellScript = "\"${SRCROOT}/Pods/Target Support Files/Pods-Daily Quote/Pods-Daily Quote-frameworks.sh\"\n";
			showEnvVarsInLog = 0;
		};
		CA1FD81730F576C10969621D /* [CP] Check Pods Manifest.lock */ = {
			isa = PBXShellScriptBuildPhase;
			buildActionMask = 2147483647;
			files = (
			);
			inputPaths = (
				"${PODS_PODFILE_DIR_PATH}/Podfile.lock",
				"${PODS_ROOT}/Manifest.lock",
			);
			name = "[CP] Check Pods Manifest.lock";
			outputPaths = (
				"$(DERIVED_FILE_DIR)/Pods-Daily Quote-checkManifestLockResult.txt",
			);
			runOnlyForDeploymentPostprocessing = 0;
			shellPath = /bin/sh;
			shellScript = "diff \"${PODS_PODFILE_DIR_PATH}/Podfile.lock\" \"${PODS_ROOT}/Manifest.lock\" > /dev/null\nif [ $? != 0 ] ; then\n    # print error to STDERR\n    echo \"error: The sandbox is not in sync with the Podfile.lock. Run 'pod install' or update your CocoaPods installation.\" >&2\n    exit 1\nfi\n# This output is used by Xcode 'outputs' to avoid re-running this script phase.\necho \"SUCCESS\" > \"${SCRIPT_OUTPUT_FILE_0}\"\n";
			showEnvVarsInLog = 0;
		};
/* End PBXShellScriptBuildPhase section */

/* Begin PBXSourcesBuildPhase section */
		A74EB38020923E13003D00FB /* Sources */ = {
			isa = PBXSourcesBuildPhase;
			buildActionMask = 2147483647;
			files = (
				A74EB38A20923E13003D00FB /* ViewController.swift in Sources */,
				A74EB38820923E13003D00FB /* AppDelegate.swift in Sources */,
				A74EB39B209282D8003D00FB /* Model.xcdatamodeld in Sources */,
			);
			runOnlyForDeploymentPostprocessing = 0;
		};
/* End PBXSourcesBuildPhase section */

/* Begin PBXVariantGroup section */
		A74EB38B20923E13003D00FB /* Main.storyboard */ = {
			isa = PBXVariantGroup;
			children = (
				A74EB38C20923E13003D00FB /* Base */,
			);
			name = Main.storyboard;
			sourceTree = "<group>";
		};
		A74EB39020923E18003D00FB /* LaunchScreen.storyboard */ = {
			isa = PBXVariantGroup;
			children = (
				A74EB39120923E18003D00FB /* Base */,
			);
			name = LaunchScreen.storyboard;
			sourceTree = "<group>";
		};
/* End PBXVariantGroup section */

/* Begin XCBuildConfiguration section */
		A74EB39420923E18003D00FB /* Debug */ = {
			isa = XCBuildConfiguration;
			buildSettings = {
				ALWAYS_SEARCH_USER_PATHS = NO;
				CLANG_ANALYZER_NONNULL = YES;
				CLANG_ANALYZER_NUMBER_OBJECT_CONVERSION = YES_AGGRESSIVE;
				CLANG_CXX_LANGUAGE_STANDARD = "gnu++14";
				CLANG_CXX_LIBRARY = "libc++";
				CLANG_ENABLE_MODULES = YES;
				CLANG_ENABLE_OBJC_ARC = YES;
				CLANG_ENABLE_OBJC_WEAK = YES;
				CLANG_WARN_BLOCK_CAPTURE_AUTORELEASING = YES;
				CLANG_WARN_BOOL_CONVERSION = YES;
				CLANG_WARN_COMMA = YES;
				CLANG_WARN_CONSTANT_CONVERSION = YES;
				CLANG_WARN_DEPRECATED_OBJC_IMPLEMENTATIONS = YES;
				CLANG_WARN_DIRECT_OBJC_ISA_USAGE = YES_ERROR;
				CLANG_WARN_DOCUMENTATION_COMMENTS = YES;
				CLANG_WARN_EMPTY_BODY = YES;
				CLANG_WARN_ENUM_CONVERSION = YES;
				CLANG_WARN_INFINITE_RECURSION = YES;
				CLANG_WARN_INT_CONVERSION = YES;
				CLANG_WARN_NON_LITERAL_NULL_CONVERSION = YES;
				CLANG_WARN_OBJC_IMPLICIT_RETAIN_SELF = YES;
				CLANG_WARN_OBJC_LITERAL_CONVERSION = YES;
				CLANG_WARN_OBJC_ROOT_CLASS = YES_ERROR;
				CLANG_WARN_RANGE_LOOP_ANALYSIS = YES;
				CLANG_WARN_STRICT_PROTOTYPES = YES;
				CLANG_WARN_SUSPICIOUS_MOVE = YES;
				CLANG_WARN_UNGUARDED_AVAILABILITY = YES_AGGRESSIVE;
				CLANG_WARN_UNREACHABLE_CODE = YES;
				CLANG_WARN__DUPLICATE_METHOD_MATCH = YES;
				CODE_SIGN_IDENTITY = "iPhone Developer";
				COPY_PHASE_STRIP = NO;
				DEBUG_INFORMATION_FORMAT = dwarf;
				ENABLE_STRICT_OBJC_MSGSEND = YES;
				ENABLE_TESTABILITY = YES;
				GCC_C_LANGUAGE_STANDARD = gnu11;
				GCC_DYNAMIC_NO_PIC = NO;
				GCC_NO_COMMON_BLOCKS = YES;
				GCC_OPTIMIZATION_LEVEL = 0;
				GCC_PREPROCESSOR_DEFINITIONS = (
					"DEBUG=1",
					"$(inherited)",
				);
				GCC_WARN_64_TO_32_BIT_CONVERSION = YES;
				GCC_WARN_ABOUT_RETURN_TYPE = YES_ERROR;
				GCC_WARN_UNDECLARED_SELECTOR = YES;
				GCC_WARN_UNINITIALIZED_AUTOS = YES_AGGRESSIVE;
				GCC_WARN_UNUSED_FUNCTION = YES;
				GCC_WARN_UNUSED_VARIABLE = YES;
				IPHONEOS_DEPLOYMENT_TARGET = 11.3;
				MTL_ENABLE_DEBUG_INFO = YES;
				ONLY_ACTIVE_ARCH = YES;
				SDKROOT = iphoneos;
				SWIFT_ACTIVE_COMPILATION_CONDITIONS = DEBUG;
				SWIFT_OPTIMIZATION_LEVEL = "-Onone";
			};
			name = Debug;
		};
		A74EB39520923E18003D00FB /* Release */ = {
			isa = XCBuildConfiguration;
			buildSettings = {
				ALWAYS_SEARCH_USER_PATHS = NO;
				CLANG_ANALYZER_NONNULL = YES;
				CLANG_ANALYZER_NUMBER_OBJECT_CONVERSION = YES_AGGRESSIVE;
				CLANG_CXX_LANGUAGE_STANDARD = "gnu++14";
				CLANG_CXX_LIBRARY = "libc++";
				CLANG_ENABLE_MODULES = YES;
				CLANG_ENABLE_OBJC_ARC = YES;
				CLANG_ENABLE_OBJC_WEAK = YES;
				CLANG_WARN_BLOCK_CAPTURE_AUTORELEASING = YES;
				CLANG_WARN_BOOL_CONVERSION = YES;
				CLANG_WARN_COMMA = YES;
				CLANG_WARN_CONSTANT_CONVERSION = YES;
				CLANG_WARN_DEPRECATED_OBJC_IMPLEMENTATIONS = YES;
				CLANG_WARN_DIRECT_OBJC_ISA_USAGE = YES_ERROR;
				CLANG_WARN_DOCUMENTATION_COMMENTS = YES;
				CLANG_WARN_EMPTY_BODY = YES;
				CLANG_WARN_ENUM_CONVERSION = YES;
				CLANG_WARN_INFINITE_RECURSION = YES;
				CLANG_WARN_INT_CONVERSION = YES;
				CLANG_WARN_NON_LITERAL_NULL_CONVERSION = YES;
				CLANG_WARN_OBJC_IMPLICIT_RETAIN_SELF = YES;
				CLANG_WARN_OBJC_LITERAL_CONVERSION = YES;
				CLANG_WARN_OBJC_ROOT_CLASS = YES_ERROR;
				CLANG_WARN_RANGE_LOOP_ANALYSIS = YES;
				CLANG_WARN_STRICT_PROTOTYPES = YES;
				CLANG_WARN_SUSPICIOUS_MOVE = YES;
				CLANG_WARN_UNGUARDED_AVAILABILITY = YES_AGGRESSIVE;
				CLANG_WARN_UNREACHABLE_CODE = YES;
				CLANG_WARN__DUPLICATE_METHOD_MATCH = YES;
				CODE_SIGN_IDENTITY = "iPhone Developer";
				COPY_PHASE_STRIP = NO;
				DEBUG_INFORMATION_FORMAT = "dwarf-with-dsym";
				ENABLE_NS_ASSERTIONS = NO;
				ENABLE_STRICT_OBJC_MSGSEND = YES;
				GCC_C_LANGUAGE_STANDARD = gnu11;
				GCC_NO_COMMON_BLOCKS = YES;
				GCC_WARN_64_TO_32_BIT_CONVERSION = YES;
				GCC_WARN_ABOUT_RETURN_TYPE = YES_ERROR;
				GCC_WARN_UNDECLARED_SELECTOR = YES;
				GCC_WARN_UNINITIALIZED_AUTOS = YES_AGGRESSIVE;
				GCC_WARN_UNUSED_FUNCTION = YES;
				GCC_WARN_UNUSED_VARIABLE = YES;
				IPHONEOS_DEPLOYMENT_TARGET = 11.3;
				MTL_ENABLE_DEBUG_INFO = NO;
				SDKROOT = iphoneos;
				SWIFT_COMPILATION_MODE = wholemodule;
				SWIFT_OPTIMIZATION_LEVEL = "-O";
				VALIDATE_PRODUCT = YES;
			};
			name = Release;
		};
		A74EB39720923E18003D00FB /* Debug */ = {
			isa = XCBuildConfiguration;
			baseConfigurationReference = B76D56D163E171210509AF40 /* Pods-Daily Quote.debug.xcconfig */;
			buildSettings = {
				ASSETCATALOG_COMPILER_APPICON_NAME = AppIcon;
				CODE_SIGN_STYLE = Automatic;
				DEVELOPMENT_TEAM = J497DX6ZF8;
				INFOPLIST_FILE = "Daily Quote/Info.plist";
				IPHONEOS_DEPLOYMENT_TARGET = 10.2;
				LD_RUNPATH_SEARCH_PATHS = (
					"$(inherited)",
					"@executable_path/Frameworks",
				);
				PRODUCT_BUNDLE_IDENTIFIER = "com.maxmax2012.Daily-Quote";
				PRODUCT_NAME = "$(TARGET_NAME)";
				SWIFT_VERSION = 4.0;
				TARGETED_DEVICE_FAMILY = "1,2";
			};
			name = Debug;
		};
		A74EB39820923E18003D00FB /* Release */ = {
			isa = XCBuildConfiguration;
			baseConfigurationReference = 1677C782395477462D63FFFA /* Pods-Daily Quote.release.xcconfig */;
			buildSettings = {
				ASSETCATALOG_COMPILER_APPICON_NAME = AppIcon;
				CODE_SIGN_STYLE = Automatic;
				DEVELOPMENT_TEAM = J497DX6ZF8;
				INFOPLIST_FILE = "Daily Quote/Info.plist";
				IPHONEOS_DEPLOYMENT_TARGET = 10.2;
				LD_RUNPATH_SEARCH_PATHS = (
					"$(inherited)",
					"@executable_path/Frameworks",
				);
				PRODUCT_BUNDLE_IDENTIFIER = "com.maxmax2012.Daily-Quote";
				PRODUCT_NAME = "$(TARGET_NAME)";
				SWIFT_VERSION = 4.0;
				TARGETED_DEVICE_FAMILY = "1,2";
			};
			name = Release;
		};
/* End XCBuildConfiguration section */

/* Begin XCConfigurationList section */
		A74EB37F20923E13003D00FB /* Build configuration list for PBXProject "Daily Quote" */ = {
			isa = XCConfigurationList;
			buildConfigurations = (
				A74EB39420923E18003D00FB /* Debug */,
				A74EB39520923E18003D00FB /* Release */,
			);
			defaultConfigurationIsVisible = 0;
			defaultConfigurationName = Release;
		};
		A74EB39620923E18003D00FB /* Build configuration list for PBXNativeTarget "Daily Quote" */ = {
			isa = XCConfigurationList;
			buildConfigurations = (
				A74EB39720923E18003D00FB /* Debug */,
				A74EB39820923E18003D00FB /* Release */,
			);
			defaultConfigurationIsVisible = 0;
			defaultConfigurationName = Release;
		};
/* End XCConfigurationList section */

/* Begin XCVersionGroup section */
		A74EB399209282D8003D00FB /* Model.xcdatamodeld */ = {
			isa = XCVersionGroup;
			children = (
				A74EB39A209282D8003D00FB /* Model.xcdatamodel */,
			);
			currentVersion = A74EB39A209282D8003D00FB /* Model.xcdatamodel */;
			path = Model.xcdatamodeld;
			sourceTree = "<group>";
			versionGroupType = wrapper.xcdatamodel;
		};
/* End XCVersionGroup section */
	};
	rootObject = A74EB37C20923E13003D00FB /* Project object */;
}
